# This file is @generated by PDM.
# It is not intended for manual editing.

[metadata]
groups = ["default"]
strategy = ["cross_platform", "inherit_metadata"]
lock_version = "4.4.1"
content_hash = "sha256:dfc78d947ac09fde2a5156f61179ce88dde82f1cc9cb179aaea22dcea7b8d603"

[[package]]
name = "dill"
version = "0.3.4"
requires_python = ">=2.7, !=3.0.*"
summary = "serialize all of python"
groups = ["default"]
files = [
    {file = "dill-0.3.4-py2.py3-none-any.whl", hash = "sha256:7e40e4a70304fd9ceab3535d36e58791d9c4a776b38ec7f7ec9afc8d3dca4d4f"},
    {file = "dill-0.3.4.zip", hash = "sha256:9f9734205146b2b353ab3fec9af0070237b6ddae78452af83d2fca84d739e675"},
]

[[package]]
name = "six"
version = "1.16.0"
requires_python = ">=2.7, !=3.0.*, !=3.1.*, !=3.2.*"
summary = "Python 2 and 3 compatibility utilities"
groups = ["default"]
files = [
    {file = "six-1.16.0-py2.py3-none-any.whl", hash = "sha256:8abb2f1d86890a2dfb989f9a77cfcfd3e47c2a354b01111771326f8aa26e0254"},
    {file = "six-1.16.0.tar.gz", hash = "sha256:1e61c37477a1626458e36f7b1d82aa5c9b094fa4802892072e49de9c60c4c926"},
]
