# This file is @generated by PDM.
# It is not intended for manual editing.

[metadata]
groups = ["default", "test", "dev"]
strategy = ["cross_platform", "inherit_metadata"]
lock_version = "4.4.1"
content_hash = "sha256:dcbed90c2662bf8fb637d492c47e923ff19a43a1c2a1f2b47cbd7d20e671a822"

[[package]]
name = "colorama"
version = "0.4.6"
requires_python = "!=3.0.*,!=3.1.*,!=3.2.*,!=3.3.*,!=3.4.*,!=3.5.*,!=3.6.*,>=2.7"
summary = "Cross-platform colored terminal text."
groups = ["dev", "test"]
marker = "sys_platform == \"win32\" or platform_system == \"Windows\""
files = [
    {file = "colorama-0.4.6-py2.py3-none-any.whl", hash = "sha256:4f1d9991f5acc0ca119f9d443620b77f9d6b33703e51011c16baf57afb285fc6"},
    {file = "colorama-0.4.6.tar.gz", hash = "sha256:08695f5cb7ed6e0531a20572697297273c47b8cae5a63ffc6d6ed5c201be6e44"},
]

[[package]]
name = "dill"
version = "0.3.7"
requires_python = ">=3.7"
summary = "serialize all of Python"
groups = ["default"]
files = [
    {file = "dill-0.3.7-py3-none-any.whl", hash = "sha256:76b122c08ef4ce2eedcd4d1abd8e641114bfc6c2867f49f3c41facf65bf19f5e"},
    {file = "dill-0.3.7.tar.gz", hash = "sha256:cc1c8b182eb3013e24bd475ff2e9295af86c1a38eb1aff128dac8962a9ce3c03"},
]

[[package]]
name = "distlib"
version = "0.3.8"
summary = "Distribution utilities"
groups = ["dev"]
files = [
    {file = "distlib-0.3.8-py2.py3-none-any.whl", hash = "sha256:034db59a0b96f8ca18035f36290806a9a6e6bd9d1ff91e45a7f172eb17e51784"},
    {file = "distlib-0.3.8.tar.gz", hash = "sha256:1530ea13e350031b6312d8580ddb6b27a104275a31106523b8f123787f494f64"},
]

[[package]]
name = "exceptiongroup"
version = "1.2.0"
requires_python = ">=3.7"
summary = "Backport of PEP 654 (exception groups)"
groups = ["test"]
marker = "python_version < \"3.11\""
files = [
    {file = "exceptiongroup-1.2.0-py3-none-any.whl", hash = "sha256:4bfd3996ac73b41e9b9628b04e079f193850720ea5945fc96a08633c66912f14"},
    {file = "exceptiongroup-1.2.0.tar.gz", hash = "sha256:91f5c769735f051a4290d52edd0858999b57e5876e9f85937691bd4c9fa3ed68"},
]

[[package]]
name = "filelock"
version = "3.12.2"
requires_python = ">=3.7"
summary = "A platform independent file lock."
groups = ["dev"]
files = [
    {file = "filelock-3.12.2-py3-none-any.whl", hash = "sha256:cbb791cdea2a72f23da6ac5b5269ab0a0d161e9ef0100e653b69049a7706d1ec"},
    {file = "filelock-3.12.2.tar.gz", hash = "sha256:002740518d8aa59a26b0c76e10fb8c6e15eae825d34b6fdf670333fd7b938d81"},
]

[[package]]
name = "flake8"
version = "5.0.4"
requires_python = ">=3.6.1"
summary = "the modular source code checker: pep8 pyflakes and co"
groups = ["test"]
dependencies = [
    "importlib-metadata<4.3,>=1.1.0; python_version < \"3.8\"",
    "mccabe<0.8.0,>=0.7.0",
    "pycodestyle<2.10.0,>=2.9.0",
    "pyflakes<2.6.0,>=2.5.0",
]
files = [
    {file = "flake8-5.0.4-py2.py3-none-any.whl", hash = "sha256:7a1cf6b73744f5806ab95e526f6f0d8c01c66d7bbe349562d22dfca20610b248"},
    {file = "flake8-5.0.4.tar.gz", hash = "sha256:6fbe320aad8d6b95cec8b8e47bc933004678dc63095be98528b7bdd2a9f510db"},
]

[[package]]
name = "importlib-metadata"
version = "4.2.0"
requires_python = ">=3.6"
summary = "Read metadata from Python packages"
groups = ["dev", "test"]
marker = "python_version < \"3.8\""
dependencies = [
    "typing-extensions>=3.6.4; python_version < \"3.8\"",
    "zipp>=0.5",
]
files = [
    {file = "importlib_metadata-4.2.0-py3-none-any.whl", hash = "sha256:057e92c15bc8d9e8109738a48db0ccb31b4d9d5cfbee5a8670879a30be66304b"},
    {file = "importlib_metadata-4.2.0.tar.gz", hash = "sha256:b7e52a1f8dec14a75ea73e0891f3060099ca1d8e6a462a4dff11c3e119ea1b31"},
]

[[package]]
name = "iniconfig"
version = "2.0.0"
requires_python = ">=3.7"
summary = "brain-dead simple config-ini parsing"
groups = ["test"]
files = [
    {file = "iniconfig-2.0.0-py3-none-any.whl", hash = "sha256:b6a85871a79d2e3b22d2d1b94ac2824226a63c6b741c88f7ae975f18b6778374"},
    {file = "iniconfig-2.0.0.tar.gz", hash = "sha256:2d91e135bf72d31a410b17c16da610a82cb55f6b0477d1a902134b24a455b8b3"},
]

[[package]]
name = "mccabe"
version = "0.7.0"
requires_python = ">=3.6"
summary = "McCabe checker, plugin for flake8"
groups = ["test"]
files = [
    {file = "mccabe-0.7.0-py2.py3-none-any.whl", hash = "sha256:6c2d30ab6be0e4a46919781807b4f0d834ebdd6c6e3dca0bda5a15f863427b6e"},
    {file = "mccabe-0.7.0.tar.gz", hash = "sha256:348e0240c33b60bbdf4e523192ef919f28cb2c3d7d5c7794f74009290f236325"},
]

[[package]]
name = "packaging"
version = "24.0"
requires_python = ">=3.7"
summary = "Core utilities for Python packages"
groups = ["default", "dev", "test"]
files = [
    {file = "packaging-24.0-py3-none-any.whl", hash = "sha256:2ddfb553fdf02fb784c234c7ba6ccc288296ceabec964ad2eae3777778130bc5"},
    {file = "packaging-24.0.tar.gz", hash = "sha256:eb82c5e3e56209074766e6885bb04b8c38a0c015d0a30036ebe7ece34c9989e9"},
]

[[package]]
name = "platformdirs"
version = "2.6.2"
requires_python = ">=3.7"
summary = "A small Python package for determining appropriate platform-specific dirs, e.g. a \"user data dir\"."
groups = ["dev"]
dependencies = [
    "typing-extensions>=4.4; python_version < \"3.8\"",
]
files = [
    {file = "platformdirs-2.6.2-py3-none-any.whl", hash = "sha256:83c8f6d04389165de7c9b6f0c682439697887bca0aa2f1c87ef1826be3584490"},
    {file = "platformdirs-2.6.2.tar.gz", hash = "sha256:e1fea1fe471b9ff8332e229df3cb7de4f53eeea4998d3b6bfff542115e998bd2"},
]

[[package]]
name = "pluggy"
version = "1.2.0"
requires_python = ">=3.7"
summary = "plugin and hook calling mechanisms for python"
groups = ["dev", "test"]
dependencies = [
    "importlib-metadata>=0.12; python_version < \"3.8\"",
]
files = [
    {file = "pluggy-1.2.0-py3-none-any.whl", hash = "sha256:c2fd55a7d7a3863cba1a013e4e2414658b1d07b6bc57b3919e0c63c9abb99849"},
    {file = "pluggy-1.2.0.tar.gz", hash = "sha256:d12f0c4b579b15f5e054301bb226ee85eeeba08ffec228092f8defbaa3a4c4b3"},
]

[[package]]
name = "py"
version = "1.11.0"
requires_python = ">=2.7, !=3.0.*, !=3.1.*, !=3.2.*, !=3.3.*, !=3.4.*"
summary = "library with cross-python path, ini-parsing, io, code, log facilities"
groups = ["dev"]
files = [
    {file = "py-1.11.0-py2.py3-none-any.whl", hash = "sha256:607c53218732647dff4acdfcd50cb62615cedf612e72d1724fb1a0cc6405b378"},
    {file = "py-1.11.0.tar.gz", hash = "sha256:51c75c4126074b472f746a24399ad32f6053d1b34b68d2fa41e558e6f4a98719"},
]

[[package]]
name = "pycodestyle"
version = "2.9.1"
requires_python = ">=3.6"
summary = "Python style guide checker"
groups = ["test"]
files = [
    {file = "pycodestyle-2.9.1-py2.py3-none-any.whl", hash = "sha256:d1735fc58b418fd7c5f658d28d943854f8a849b01a5d0a1e6f3f3fdd0166804b"},
    {file = "pycodestyle-2.9.1.tar.gz", hash = "sha256:2c9607871d58c76354b697b42f5d57e1ada7d261c261efac224b664affdc5785"},
]

[[package]]
name = "pyflakes"
version = "2.5.0"
requires_python = ">=3.6"
summary = "passive checker of Python programs"
groups = ["test"]
files = [
    {file = "pyflakes-2.5.0-py2.py3-none-any.whl", hash = "sha256:4579f67d887f804e67edb544428f264b7b24f435b263c4614f384135cea553d2"},
    {file = "pyflakes-2.5.0.tar.gz", hash = "sha256:491feb020dca48ccc562a8c0cbe8df07ee13078df59813b83959cbdada312ea3"},
]

[[package]]
name = "pytest"
version = "7.4.4"
requires_python = ">=3.7"
summary = "pytest: simple powerful testing with Python"
groups = ["test"]
dependencies = [
    "colorama; sys_platform == \"win32\"",
    "exceptiongroup>=1.0.0rc8; python_version < \"3.11\"",
    "importlib-metadata>=0.12; python_version < \"3.8\"",
    "iniconfig",
    "packaging",
    "pluggy<2.0,>=0.12",
    "tomli>=1.0.0; python_version < \"3.11\"",
]
files = [
    {file = "pytest-7.4.4-py3-none-any.whl", hash = "sha256:b090cdf5ed60bf4c45261be03239c2c1c22df034fbffe691abe93cd80cea01d8"},
    {file = "pytest-7.4.4.tar.gz", hash = "sha256:2cf0005922c6ace4a3e2ec8b4080eb0d9753fdc93107415332f50ce9e7994280"},
]

[[package]]
name = "pytest-order"
version = "1.2.0"
requires_python = ">=3.6"
summary = "pytest plugin to run your tests in a specific order"
groups = ["test"]
dependencies = [
    "pytest>=5.0; python_version < \"3.10\"",
    "pytest>=6.2.4; python_version >= \"3.10\"",
]
files = [
    {file = "pytest-order-1.2.0.tar.gz", hash = "sha256:944f86b6d441aa7b1da80f801c6ab65b84bbeba472d0a7a12eb43ba26650101a"},
    {file = "pytest_order-1.2.0-py3-none-any.whl", hash = "sha256:9d65c3b6dc6d6ee984d6ae2c6c4aa4f1331e5b915116219075c888c8bcbb93b8"},
]

[[package]]
name = "six"
version = "1.16.0"
requires_python = ">=2.7, !=3.0.*, !=3.1.*, !=3.2.*"
summary = "Python 2 and 3 compatibility utilities"
groups = ["dev"]
files = [
    {file = "six-1.16.0-py2.py3-none-any.whl", hash = "sha256:8abb2f1d86890a2dfb989f9a77cfcfd3e47c2a354b01111771326f8aa26e0254"},
    {file = "six-1.16.0.tar.gz", hash = "sha256:1e61c37477a1626458e36f7b1d82aa5c9b094fa4802892072e49de9c60c4c926"},
]

[[package]]
name = "tomli"
version = "2.0.1"
requires_python = ">=3.7"
summary = "A lil' TOML parser"
groups = ["dev", "test"]
marker = "python_version < \"3.11\""
files = [
    {file = "tomli-2.0.1-py3-none-any.whl", hash = "sha256:939de3e7a6161af0c887ef91b7d41a53e7c5a1ca976325f429cb46ea9bc30ecc"},
    {file = "tomli-2.0.1.tar.gz", hash = "sha256:de526c12914f0c550d15924c62d72abc48d6fe7364aa87328337a31007fe8a4f"},
]

[[package]]
name = "tox"
version = "3.28.0"
requires_python = "!=3.0.*,!=3.1.*,!=3.2.*,!=3.3.*,!=3.4.*,>=2.7"
summary = "tox is a generic virtualenv management and test command line tool"
groups = ["dev"]
dependencies = [
    "colorama>=0.4.1; platform_system == \"Windows\"",
    "filelock>=3.0.0",
    "importlib-metadata>=0.12; python_version < \"3.8\"",
    "packaging>=14",
    "pluggy>=0.12.0",
    "py>=1.4.17",
    "six>=1.14.0",
    "tomli>=2.0.1; python_version >= \"3.7\" and python_version < \"3.11\"",
    "virtualenv!=20.0.0,!=20.0.1,!=20.0.2,!=20.0.3,!=20.0.4,!=20.0.5,!=20.0.6,!=20.0.7,>=16.0.0",
]
files = [
    {file = "tox-3.28.0-py2.py3-none-any.whl", hash = "sha256:57b5ab7e8bb3074edc3c0c0b4b192a4f3799d3723b2c5b76f1fa9f2d40316eea"},
    {file = "tox-3.28.0.tar.gz", hash = "sha256:d0d28f3fe6d6d7195c27f8b054c3e99d5451952b54abdae673b71609a581f640"},
]

[[package]]
name = "tox-pdm"
version = "0.6.1"
requires_python = ">=3.7"
summary = "A plugin for tox that utilizes PDM as the package manager and installer"
groups = ["dev"]
dependencies = [
    "tomli; python_version < \"3.11\"",
    "tox>=3.18.0",
]
files = [
    {file = "tox-pdm-0.6.1.tar.gz", hash = "sha256:952ea67f2ec891f11eb00749f63fc0f980384435ca782c448d154390f9f42f5e"},
    {file = "tox_pdm-0.6.1-py3-none-any.whl", hash = "sha256:9e3cf83b7b55c3e33aaee0e65cf341739581ff4604a4178f0ef7dbab73a0bb35"},
]

[[package]]
name = "typing-extensions"
version = "4.7.1"
requires_python = ">=3.7"
summary = "Backported and Experimental Type Hints for Python 3.7+"
groups = ["dev", "test"]
marker = "python_version < \"3.8\""
files = [
    {file = "typing_extensions-4.7.1-py3-none-any.whl", hash = "sha256:440d5dd3af93b060174bf433bccd69b0babc3b15b1a8dca43789fd7f61514b36"},
    {file = "typing_extensions-4.7.1.tar.gz", hash = "sha256:b75ddc264f0ba5615db7ba217daeb99701ad295353c45f9e95963337ceeeffb2"},
]

[[package]]
name = "virtualenv"
version = "20.16.2"
requires_python = ">=3.6"
summary = "Virtual Python Environment builder"
groups = ["dev"]
dependencies = [
    "distlib<1,>=0.3.1",
    "filelock<4,>=3.2",
    "importlib-metadata>=0.12; python_version < \"3.8\"",
    "platformdirs<3,>=2",
]
files = [
    {file = "virtualenv-20.16.2-py2.py3-none-any.whl", hash = "sha256:635b272a8e2f77cb051946f46c60a54ace3cb5e25568228bd6b57fc70eca9ff3"},
    {file = "virtualenv-20.16.2.tar.gz", hash = "sha256:0ef5be6d07181946891f5abc8047fda8bc2f0b4b9bf222c64e6e8963baee76db"},
]

[[package]]
name = "zipp"
version = "3.15.0"
requires_python = ">=3.7"
summary = "Backport of pathlib-compatible object wrapper for zip files"
groups = ["dev", "test"]
marker = "python_version < \"3.8\""
files = [
    {file = "zipp-3.15.0-py3-none-any.whl", hash = "sha256:48904fc76a60e542af151aded95726c1a5c34ed43ab4134b597665c86d7ad556"},
    {file = "zipp-3.15.0.tar.gz", hash = "sha256:112929ad649da941c23de50f356a2b5570c954b65150642bccdd66bf194d224b"},
]
