# This file is automatically @generated by Poetry 1.6.1 and should not be changed by hand.

[[package]]
name = "dill"
version = "0.3.4"
description = "serialize all of python"
optional = false
python-versions = ">=2.7, !=3.0.*"
files = [
    {file = "dill-0.3.4-py2.py3-none-any.whl", hash = "sha256:7e40e4a70304fd9ceab3535d36e58791d9c4a776b38ec7f7ec9afc8d3dca4d4f"},
    {file = "dill-0.3.4.zip", hash = "sha256:9f9734205146b2b353ab3fec9af0070237b6ddae78452af83d2fca84d739e675"},
]

[package.extras]
graph = ["objgraph (>=1.7.2)"]

[[package]]
name = "six"
version = "1.16.0"
description = "Python 2 and 3 compatibility utilities"
optional = false
python-versions = ">=2.7, !=3.0.*, !=3.1.*, !=3.2.*"
files = [
    {file = "six-1.16.0-py2.py3-none-any.whl", hash = "sha256:8abb2f1d86890a2dfb989f9a77cfcfd3e47c2a354b01111771326f8aa26e0254"},
    {file = "six-1.16.0.tar.gz", hash = "sha256:1e61c37477a1626458e36f7b1d82aa5c9b094fa4802892072e49de9c60c4c926"},
]

[metadata]
lock-version = "2.0"
python-versions = ">=2.7, !=3.0.*, !=3.1.*, !=3.2.*"
content-hash = "1195d8d596fe54f360bda7de9b665856942eb7ef3e0e596bb67230c1090e8731"
